// !$*UTF8*$!
{
	archiveVersion = 1;
	classes = {
	};
	objectVersion = 56;
	objects = {

/* Begin PBXBuildFile section */
		687F5870296DDACB00CBD138 /* AppDelegate.swift in Sources */ = {isa = PBXBuildFile; fileRef = 687F586F296DDACB00CBD138 /* AppDelegate.swift */; };
		687F5872296DDACB00CBD138 /* SceneDelegate.swift in Sources */ = {isa = PBXBuildFile; fileRef = 687F5871296DDACB00CBD138 /* SceneDelegate.swift */; };
		687F5874296DDACB00CBD138 /* ViewController.swift in Sources */ = {isa = PBXBuildFile; fileRef = 687F5873296DDACB00CBD138 /* ViewController.swift */; };
		687F5877296DDACB00CBD138 /* Main.storyboard in Resources */ = {isa = PBXBuildFile; fileRef = 687F5875296DDACB00CBD138 /* Main.storyboard */; };
		687F5879296DDACC00CBD138 /* Assets.xcassets in Resources */ = {isa = PBXBuildFile; fileRef = 687F5878296DDACC00CBD138 /* Assets.xcassets */; };
		687F587C296DDACC00CBD138 /* LaunchScreen.storyboard in Resources */ = {isa = PBXBuildFile; fileRef = 687F587A296DDACC00CBD138 /* LaunchScreen.storyboard */; };
		687F5887296DDACC00CBD138 /* FlashlightTests.swift in Sources */ = {isa = PBXBuildFile; fileRef = 687F5886296DDACC00CBD138 /* FlashlightTests.swift */; };
		687F5891296DDACC00CBD138 /* FlashlightUITests.swift in Sources */ = {isa = PBXBuildFile; fileRef = 687F5890296DDACC00CBD138 /* FlashlightUITests.swift */; };
		687F5893296DDACC00CBD138 /* FlashlightUITestsLaunchTests.swift in Sources */ = {isa = PBXBuildFile; fileRef = 687F5892296DDACC00CBD138 /* FlashlightUITestsLaunchTests.swift */; };
/* End PBXBuildFile section */

/* Begin PBXContainerItemProxy section */
		687F5883296DDACC00CBD138 /* PBXContainerItemProxy */ = {
			isa = PBXContainerItemProxy;
			containerPortal = 687F5864296DDACB00CBD138 /* Project object */;
			proxyType = 1;
			remoteGlobalIDString = 687F586B296DDACB00CBD138;
			remoteInfo = Flashlight;
		};
		687F588D296DDACC00CBD138 /* PBXContainerItemProxy */ = {
			isa = PBXContainerItemProxy;
			containerPortal = 687F5864296DDACB00CBD138 /* Project object */;
			proxyType = 1;
			remoteGlobalIDString = 687F586B296DDACB00CBD138;
			remoteInfo = Flashlight;
		};
/* End PBXContainerItemProxy section */

/* Begin PBXFileReference section */
		687F586C296DDACB00CBD138 /* Flashlight.app */ = {isa = PBXFileReference; explicitFileType = wrapper.application; includeInIndex = 0; path = Flashlight.app; sourceTree = BUILT_PRODUCTS_DIR; };
		687F586F296DDACB00CBD138 /* AppDelegate.swift */ = {isa = PBXFileReference; lastKnownFileType = sourcecode.swift; path = AppDelegate.swift; sourceTree = "<group>"; };
		687F5871296DDACB00CBD138 /* SceneDelegate.swift */ = {isa = PBXFileReference; lastKnownFileType = sourcecode.swift; path = SceneDelegate.swift; sourceTree = "<group>"; };
		687F5873296DDACB00CBD138 /* ViewController.swift */ = {isa = PBXFileReference; lastKnownFileType = sourcecode.swift; path = ViewController.swift; sourceTree = "<group>"; };
		687F5876296DDACB00CBD138 /* Base */ = {isa = PBXFileReference; lastKnownFileType = file.storyboard; name = Base; path = Base.lproj/Main.storyboard; sourceTree = "<group>"; };
		687F5878296DDACC00CBD138 /* Assets.xcassets */ = {isa = PBXFileReference; lastKnownFileType = folder.assetcatalog; path = Assets.xcassets; sourceTree = "<group>"; };
		687F587B296DDACC00CBD138 /* Base */ = {isa = PBXFileReference; lastKnownFileType = file.storyboard; name = Base; path = Base.lproj/LaunchScreen.storyboard; sourceTree = "<group>"; };
		687F587D296DDACC00CBD138 /* Info.plist */ = {isa = PBXFileReference; lastKnownFileType = text.plist.xml; path = Info.plist; sourceTree = "<group>"; };
		687F5882296DDACC00CBD138 /* FlashlightTests.xctest */ = {isa = PBXFileReference; explicitFileType = wrapper.cfbundle; includeInIndex = 0; path = FlashlightTests.xctest; sourceTree = BUILT_PRODUCTS_DIR; };
		687F5886296DDACC00CBD138 /* FlashlightTests.swift */ = {isa = PBXFileReference; lastKnownFileType = sourcecode.swift; path = FlashlightTests.swift; sourceTree = "<group>"; };
		687F588C296DDACC00CBD138 /* FlashlightUITests.xctest */ = {isa = PBXFileReference; explicitFileType = wrapper.cfbundle; includeInIndex = 0; path = FlashlightUITests.xctest; sourceTree = BUILT_PRODUCTS_DIR; };
		687F5890296DDACC00CBD138 /* FlashlightUITests.swift */ = {isa = PBXFileReference; lastKnownFileType = sourcecode.swift; path = FlashlightUITests.swift; sourceTree = "<group>"; };
		687F5892296DDACC00CBD138 /* FlashlightUITestsLaunchTests.swift */ = {isa = PBXFileReference; lastKnownFileType = sourcecode.swift; path = FlashlightUITestsLaunchTests.swift; sourceTree = "<group>"; };
/* End PBXFileReference section */

/* Begin PBXFrameworksBuildPhase section */
		687F5869296DDACB00CBD138 /* Frameworks */ = {
			isa = PBXFrameworksBuildPhase;
			buildActionMask = 2147483647;
			files = (
			);
			runOnlyForDeploymentPostprocessing = 0;
		};
		687F587F296DDACC00CBD138 /* Frameworks */ = {
			isa = PBXFrameworksBuildPhase;
			buildActionMask = 2147483647;
			files = (
			);
			runOnlyForDeploymentPostprocessing = 0;
		};
		687F5889296DDACC00CBD138 /* Frameworks */ = {
			isa = PBXFrameworksBuildPhase;
			buildActionMask = 2147483647;
			files = (
			);
			runOnlyForDeploymentPostprocessing = 0;
		};
/* End PBXFrameworksBuildPhase section */

/* Begin PBXGroup section */
		687F5863296DDACB00CBD138 = {
			isa = PBXGroup;
			children = (
				687F586E296DDACB00CBD138 /* Flashlight */,
				687F5885296DDACC00CBD138 /* FlashlightTests */,
				687F588F296DDACC00CBD138 /* FlashlightUITests */,
				687F586D296DDACB00CBD138 /* Products */,
			);
			sourceTree = "<group>";
		};
		687F586D296DDACB00CBD138 /* Products */ = {
			isa = PBXGroup;
			children = (
				687F586C296DDACB00CBD138 /* Flashlight.app */,
				687F5882296DDACC00CBD138 /* FlashlightTests.xctest */,
				687F588C296DDACC00CBD138 /* FlashlightUITests.xctest */,
			);
			name = Products;
			sourceTree = "<group>";
		};
		687F586E296DDACB00CBD138 /* Flashlight */ = {
			isa = PBXGroup;
			children = (
				687F586F296DDACB00CBD138 /* AppDelegate.swift */,
				687F5871296DDACB00CBD138 /* SceneDelegate.swift */,
				687F5873296DDACB00CBD138 /* ViewController.swift */,
				687F5875296DDACB00CBD138 /* Main.storyboard */,
				687F5878296DDACC00CBD138 /* Assets.xcassets */,
				687F587A296DDACC00CBD138 /* LaunchScreen.storyboard */,
				687F587D296DDACC00CBD138 /* Info.plist */,
			);
			path = Flashlight;
			sourceTree = "<group>";
		};
		687F5885296DDACC00CBD138 /* FlashlightTests */ = {
			isa = PBXGroup;
			children = (
				687F5886296DDACC00CBD138 /* FlashlightTests.swift */,
			);
			path = FlashlightTests;
			sourceTree = "<group>";
		};
		687F588F296DDACC00CBD138 /* FlashlightUITests */ = {
			isa = PBXGroup;
			children = (
				687F5890296DDACC00CBD138 /* FlashlightUITests.swift */,
				687F5892296DDACC00CBD138 /* FlashlightUITestsLaunchTests.swift */,
			);
			path = FlashlightUITests;
			sourceTree = "<group>";
		};
/* End PBXGroup section */

/* Begin PBXNativeTarget section */
		687F586B296DDACB00CBD138 /* Flashlight */ = {
			isa = PBXNativeTarget;
			buildConfigurationList = 687F5896296DDACC00CBD138 /* Build configuration list for PBXNativeTarget "Flashlight" */;
			buildPhases = (
				687F5868296DDACB00CBD138 /* Sources */,
				687F5869296DDACB00CBD138 /* Frameworks */,
				687F586A296DDACB00CBD138 /* Resources */,
			);
			buildRules = (
			);
			dependencies = (
			);
			name = Flashlight;
			productName = Flashlight;
			productReference = 687F586C296DDACB00CBD138 /* Flashlight.app */;
			productType = "com.apple.product-type.application";
		};
		687F5881296DDACC00CBD138 /* FlashlightTests */ = {
			isa = PBXNativeTarget;
			buildConfigurationList = 687F5899296DDACC00CBD138 /* Build configuration list for PBXNativeTarget "FlashlightTests" */;
			buildPhases = (
				687F587E296DDACC00CBD138 /* Sources */,
				687F587F296DDACC00CBD138 /* Frameworks */,
				687F5880296DDACC00CBD138 /* Resources */,
			);
			buildRules = (
			);
			dependencies = (
				687F5884296DDACC00CBD138 /* PBXTargetDependency */,
			);
			name = FlashlightTests;
			productName = FlashlightTests;
			productReference = 687F5882296DDACC00CBD138 /* FlashlightTests.xctest */;
			productType = "com.apple.product-type.bundle.unit-test";
		};
		687F588B296DDACC00CBD138 /* FlashlightUITests */ = {
			isa = PBXNativeTarget;
			buildConfigurationList = 687F589C296DDACC00CBD138 /* Build configuration list for PBXNativeTarget "FlashlightUITests" */;
			buildPhases = (
				687F5888296DDACC00CBD138 /* Sources */,
				687F5889296DDACC00CBD138 /* Frameworks */,
				687F588A296DDACC00CBD138 /* Resources */,
			);
			buildRules = (
			);
			dependencies = (
				687F588E296DDACC00CBD138 /* PBXTargetDependency */,
			);
			name = FlashlightUITests;
			productName = FlashlightUITests;
			productReference = 687F588C296DDACC00CBD138 /* FlashlightUITests.xctest */;
			productType = "com.apple.product-type.bundle.ui-testing";
		};
/* End PBXNativeTarget section */

/* Begin PBXProject section */
		687F5864296DDACB00CBD138 /* Project object */ = {
			isa = PBXProject;
			attributes = {
				BuildIndependentTargetsInParallel = 1;
				LastSwiftUpdateCheck = 1420;
				LastUpgradeCheck = 1420;
				TargetAttributes = {
					687F586B296DDACB00CBD138 = {
						CreatedOnToolsVersion = 14.2;
					};
					687F5881296DDACC00CBD138 = {
						CreatedOnToolsVersion = 14.2;
						TestTargetID = 687F586B296DDACB00CBD138;
					};
					687F588B296DDACC00CBD138 = {
						CreatedOnToolsVersion = 14.2;
						TestTargetID = 687F586B296DDACB00CBD138;
					};
				};
			};
			buildConfigurationList = 687F5867296DDACB00CBD138 /* Build configuration list for PBXProject "Flashlight" */;
			compatibilityVersion = "Xcode 14.0";
			developmentRegion = en;
			hasScannedForEncodings = 0;
			knownRegions = (
				en,
				Base,
			);
			mainGroup = 687F5863296DDACB00CBD138;
			productRefGroup = 687F586D296DDACB00CBD138 /* Products */;
			projectDirPath = "";
			projectRoot = "";
			targets = (
				687F586B296DDACB00CBD138 /* Flashlight */,
				687F5881296DDACC00CBD138 /* FlashlightTests */,
				687F588B296DDACC00CBD138 /* FlashlightUITests */,
			);
		};
/* End PBXProject section */

/* Begin PBXResourcesBuildPhase section */
		687F586A296DDACB00CBD138 /* Resources */ = {
			isa = PBXResourcesBuildPhase;
			buildActionMask = 2147483647;
			files = (
				687F587C296DDACC00CBD138 /* LaunchScreen.storyboard in Resources */,
				687F5879296DDACC00CBD138 /* Assets.xcassets in Resources */,
				687F5877296DDACB00CBD138 /* Main.storyboard in Resources */,
			);
			runOnlyForDeploymentPostprocessing = 0;
		};
		687F5880296DDACC00CBD138 /* Resources */ = {
			isa = PBXResourcesBuildPhase;
			buildActionMask = 2147483647;
			files = (
			);
			runOnlyForDeploymentPostprocessing = 0;
		};
		687F588A296DDACC00CBD138 /* Resources */ = {
			isa = PBXResourcesBuildPhase;
			buildActionMask = 2147483647;
			files = (
			);
			runOnlyForDeploymentPostprocessing = 0;
		};
/* End PBXResourcesBuildPhase section */

/* Begin PBXSourcesBuildPhase section */
		687F5868296DDACB00CBD138 /* Sources */ = {
			isa = PBXSourcesBuildPhase;
			buildActionMask = 2147483647;
			files = (
				687F5874296DDACB00CBD138 /* ViewController.swift in Sources */,
				687F5870296DDACB00CBD138 /* AppDelegate.swift in Sources */,
				687F5872296DDACB00CBD138 /* SceneDelegate.swift in Sources */,
			);
			runOnlyForDeploymentPostprocessing = 0;
		};
		687F587E296DDACC00CBD138 /* Sources */ = {
			isa = PBXSourcesBuildPhase;
			buildActionMask = 2147483647;
			files = (
				687F5887296DDACC00CBD138 /* FlashlightTests.swift in Sources */,
			);
			runOnlyForDeploymentPostprocessing = 0;
		};
		687F5888296DDACC00CBD138 /* Sources */ = {
			isa = PBXSourcesBuildPhase;
			buildActionMask = 2147483647;
			files = (
				687F5893296DDACC00CBD138 /* FlashlightUITestsLaunchTests.swift in Sources */,
				687F5891296DDACC00CBD138 /* FlashlightUITests.swift in Sources */,
			);
			runOnlyForDeploymentPostprocessing = 0;
		};
/* End PBXSourcesBuildPhase section */

/* Begin PBXTargetDependency section */
		687F5884296DDACC00CBD138 /* PBXTargetDependency */ = {
			isa = PBXTargetDependency;
			target = 687F586B296DDACB00CBD138 /* Flashlight */;
			targetProxy = 687F5883296DDACC00CBD138 /* PBXContainerItemProxy */;
		};
		687F588E296DDACC00CBD138 /* PBXTargetDependency */ = {
			isa = PBXTargetDependency;
			target = 687F586B296DDACB00CBD138 /* Flashlight */;
			targetProxy = 687F588D296DDACC00CBD138 /* PBXContainerItemProxy */;
		};
/* End PBXTargetDependency section */

/* Begin PBXVariantGroup section */
		687F5875296DDACB00CBD138 /* Main.storyboard */ = {
			isa = PBXVariantGroup;
			children = (
				687F5876296DDACB00CBD138 /* Base */,
			);
			name = Main.storyboard;
			sourceTree = "<group>";
		};
		687F587A296DDACC00CBD138 /* LaunchScreen.storyboard */ = {
			isa = PBXVariantGroup;
			children = (
				687F587B296DDACC00CBD138 /* Base */,
			);
			name = LaunchScreen.storyboard;
			sourceTree = "<group>";
		};
/* End PBXVariantGroup section */

/* Begin XCBuildConfiguration section */
		687F5894296DDACC00CBD138 /* Debug */ = {
			isa = XCBuildConfiguration;
			buildSettings = {
				ALWAYS_SEARCH_USER_PATHS = NO;
				CLANG_ANALYZER_NONNULL = YES;
				CLANG_ANALYZER_NUMBER_OBJECT_CONVERSION = YES_AGGRESSIVE;
				CLANG_CXX_LANGUAGE_STANDARD = "gnu++20";
				CLANG_ENABLE_MODULES = YES;
				CLANG_ENABLE_OBJC_ARC = YES;
				CLANG_ENABLE_OBJC_WEAK = YES;
				CLANG_WARN_BLOCK_CAPTURE_AUTORELEASING = YES;
				CLANG_WARN_BOOL_CONVERSION = YES;
				CLANG_WARN_COMMA = YES;
				CLANG_WARN_CONSTANT_CONVERSION = YES;
				CLANG_WARN_DEPRECATED_OBJC_IMPLEMENTATIONS = YES;
				CLANG_WARN_DIRECT_OBJC_ISA_USAGE = YES_ERROR;
				CLANG_WARN_DOCUMENTATION_COMMENTS = YES;
				CLANG_WARN_EMPTY_BODY = YES;
				CLANG_WARN_ENUM_CONVERSION = YES;
				CLANG_WARN_INFINITE_RECURSION = YES;
				CLANG_WARN_INT_CONVERSION = YES;
				CLANG_WARN_NON_LITERAL_NULL_CONVERSION = YES;
				CLANG_WARN_OBJC_IMPLICIT_RETAIN_SELF = YES;
				CLANG_WARN_OBJC_LITERAL_CONVERSION = YES;
				CLANG_WARN_OBJC_ROOT_CLASS = YES_ERROR;
				CLANG_WARN_QUOTED_INCLUDE_IN_FRAMEWORK_HEADER = YES;
				CLANG_WARN_RANGE_LOOP_ANALYSIS = YES;
				CLANG_WARN_STRICT_PROTOTYPES = YES;
				CLANG_WARN_SUSPICIOUS_MOVE = YES;
				CLANG_WARN_UNGUARDED_AVAILABILITY = YES_AGGRESSIVE;
				CLANG_WARN_UNREACHABLE_CODE = YES;
				CLANG_WARN__DUPLICATE_METHOD_MATCH = YES;
				COPY_PHASE_STRIP = NO;
				DEBUG_INFORMATION_FORMAT = dwarf;
				ENABLE_STRICT_OBJC_MSGSEND = YES;
				ENABLE_TESTABILITY = YES;
				GCC_C_LANGUAGE_STANDARD = gnu11;
				GCC_DYNAMIC_NO_PIC = NO;
				GCC_NO_COMMON_BLOCKS = YES;
				GCC_OPTIMIZATION_LEVEL = 0;
				GCC_PREPROCESSOR_DEFINITIONS = (
					"DEBUG=1",
					"$(inherited)",
				);
				GCC_WARN_64_TO_32_BIT_CONVERSION = YES;
				GCC_WARN_ABOUT_RETURN_TYPE = YES_ERROR;
				GCC_WARN_UNDECLARED_SELECTOR = YES;
				GCC_WARN_UNINITIALIZED_AUTOS = YES_AGGRESSIVE;
				GCC_WARN_UNUSED_FUNCTION = YES;
				GCC_WARN_UNUSED_VARIABLE = YES;
				IPHONEOS_DEPLOYMENT_TARGET = 16.2;
				MTL_ENABLE_DEBUG_INFO = INCLUDE_SOURCE;
				MTL_FAST_MATH = YES;
				ONLY_ACTIVE_ARCH = YES;
				SDKROOT = iphoneos;
				SWIFT_ACTIVE_COMPILATION_CONDITIONS = DEBUG;
				SWIFT_OPTIMIZATION_LEVEL = "-Onone";
			};
			name = Debug;
		};
		687F5895296DDACC00CBD138 /* Release */ = {
			isa = XCBuildConfiguration;
			buildSettings = {
				ALWAYS_SEARCH_USER_PATHS = NO;
				CLANG_ANALYZER_NONNULL = YES;
				CLANG_ANALYZER_NUMBER_OBJECT_CONVERSION = YES_AGGRESSIVE;
				CLANG_CXX_LANGUAGE_STANDARD = "gnu++20";
				CLANG_ENABLE_MODULES = YES;
				CLANG_ENABLE_OBJC_ARC = YES;
				CLANG_ENABLE_OBJC_WEAK = YES;
				CLANG_WARN_BLOCK_CAPTURE_AUTORELEASING = YES;
				CLANG_WARN_BOOL_CONVERSION = YES;
				CLANG_WARN_COMMA = YES;
				CLANG_WARN_CONSTANT_CONVERSION = YES;
				CLANG_WARN_DEPRECATED_OBJC_IMPLEMENTATIONS = YES;
				CLANG_WARN_DIRECT_OBJC_ISA_USAGE = YES_ERROR;
				CLANG_WARN_DOCUMENTATION_COMMENTS = YES;
				CLANG_WARN_EMPTY_BODY = YES;
				CLANG_WARN_ENUM_CONVERSION = YES;
				CLANG_WARN_INFINITE_RECURSION = YES;
				CLANG_WARN_INT_CONVERSION = YES;
				CLANG_WARN_NON_LITERAL_NULL_CONVERSION = YES;
				CLANG_WARN_OBJC_IMPLICIT_RETAIN_SELF = YES;
				CLANG_WARN_OBJC_LITERAL_CONVERSION = YES;
				CLANG_WARN_OBJC_ROOT_CLASS = YES_ERROR;
				CLANG_WARN_QUOTED_INCLUDE_IN_FRAMEWORK_HEADER = YES;
				CLANG_WARN_RANGE_LOOP_ANALYSIS = YES;
				CLANG_WARN_STRICT_PROTOTYPES = YES;
				CLANG_WARN_SUSPICIOUS_MOVE = YES;
				CLANG_WARN_UNGUARDED_AVAILABILITY = YES_AGGRESSIVE;
				CLANG_WARN_UNREACHABLE_CODE = YES;
				CLANG_WARN__DUPLICATE_METHOD_MATCH = YES;
				COPY_PHASE_STRIP = NO;
				DEBUG_INFORMATION_FORMAT = "dwarf-with-dsym";
				ENABLE_NS_ASSERTIONS = NO;
				ENABLE_STRICT_OBJC_MSGSEND = YES;
				GCC_C_LANGUAGE_STANDARD = gnu11;
				GCC_NO_COMMON_BLOCKS = YES;
				GCC_WARN_64_TO_32_BIT_CONVERSION = YES;
				GCC_WARN_ABOUT_RETURN_TYPE = YES_ERROR;
				GCC_WARN_UNDECLARED_SELECTOR = YES;
				GCC_WARN_UNINITIALIZED_AUTOS = YES_AGGRESSIVE;
				GCC_WARN_UNUSED_FUNCTION = YES;
				GCC_WARN_UNUSED_VARIABLE = YES;
				IPHONEOS_DEPLOYMENT_TARGET = 16.2;
				MTL_ENABLE_DEBUG_INFO = NO;
				MTL_FAST_MATH = YES;
				SDKROOT = iphoneos;
				SWIFT_COMPILATION_MODE = wholemodule;
				SWIFT_OPTIMIZATION_LEVEL = "-O";
				VALIDATE_PRODUCT = YES;
			};
			name = Release;
		};
		687F5897296DDACC00CBD138 /* Debug */ = {
			isa = XCBuildConfiguration;
			buildSettings = {
				ASSETCATALOG_COMPILER_APPICON_NAME = AppIcon;
				ASSETCATALOG_COMPILER_GLOBAL_ACCENT_COLOR_NAME = AccentColor;
				CODE_SIGN_STYLE = Automatic;
				CURRENT_PROJECT_VERSION = 1;
				DEVELOPMENT_TEAM = 48YNC6A9TD;
				GENERATE_INFOPLIST_FILE = YES;
				INFOPLIST_FILE = Flashlight/Info.plist;
				INFOPLIST_KEY_UIApplicationSupportsIndirectInputEvents = YES;
				INFOPLIST_KEY_UILaunchStoryboardName = LaunchScreen;
				INFOPLIST_KEY_UIMainStoryboardFile = Main;
				INFOPLIST_KEY_UISupportedInterfaceOrientations_iPad = "UIInterfaceOrientationPortrait UIInterfaceOrientationPortraitUpsideDown UIInterfaceOrientationLandscapeLeft UIInterfaceOrientationLandscapeRight";
				INFOPLIST_KEY_UISupportedInterfaceOrientations_iPhone = "UIInterfaceOrientationPortrait UIInterfaceOrientationLandscapeLeft UIInterfaceOrientationLandscapeRight";
				LD_RUNPATH_SEARCH_PATHS = (
					"$(inherited)",
					"@executable_path/Frameworks",
				);
				MARKETING_VERSION = 1.0;
				PRODUCT_BUNDLE_IDENTIFIER = "futureslab-ol.Flashlight";
				PRODUCT_NAME = "$(TARGET_NAME)";
				SWIFT_EMIT_LOC_STRINGS = YES;
				SWIFT_VERSION = 5.0;
				TARGETED_DEVICE_FAMILY = "1,2";
			};
			name = Debug;
		};
		687F5898296DDACC00CBD138 /* Release */ = {
			isa = XCBuildConfiguration;
			buildSettings = {
				ASSETCATALOG_COMPILER_APPICON_NAME = AppIcon;
				ASSETCATALOG_COMPILER_GLOBAL_ACCENT_COLOR_NAME = AccentColor;
				CODE_SIGN_STYLE = Automatic;
				CURRENT_PROJECT_VERSION = 1;
				DEVELOPMENT_TEAM = 48YNC6A9TD;
				GENERATE_INFOPLIST_FILE = YES;
				INFOPLIST_FILE = Flashlight/Info.plist;
				INFOPLIST_KEY_UIApplicationSupportsIndirectInputEvents = YES;
				INFOPLIST_KEY_UILaunchStoryboardName = LaunchScreen;
				INFOPLIST_KEY_UIMainStoryboardFile = Main;
				INFOPLIST_KEY_UISupportedInterfaceOrientations_iPad = "UIInterfaceOrientationPortrait UIInterfaceOrientationPortraitUpsideDown UIInterfaceOrientationLandscapeLeft UIInterfaceOrientationLandscapeRight";
				INFOPLIST_KEY_UISupportedInterfaceOrientations_iPhone = "UIInterfaceOrientationPortrait UIInterfaceOrientationLandscapeLeft UIInterfaceOrientationLandscapeRight";
				LD_RUNPATH_SEARCH_PATHS = (
					"$(inherited)",
					"@executable_path/Frameworks",
				);
				MARKETING_VERSION = 1.0;
				PRODUCT_BUNDLE_IDENTIFIER = "futureslab-ol.Flashlight";
				PRODUCT_NAME = "$(TARGET_NAME)";
				SWIFT_EMIT_LOC_STRINGS = YES;
				SWIFT_VERSION = 5.0;
				TARGETED_DEVICE_FAMILY = "1,2";
			};
			name = Release;
		};
		687F589A296DDACC00CBD138 /* Debug */ = {
			isa = XCBuildConfiguration;
			buildSettings = {
				ALWAYS_EMBED_SWIFT_STANDARD_LIBRARIES = YES;
				BUNDLE_LOADER = "$(TEST_HOST)";
				CODE_SIGN_STYLE = Automatic;
				CURRENT_PROJECT_VERSION = 1;
				DEVELOPMENT_TEAM = 48YNC6A9TD;
				GENERATE_INFOPLIST_FILE = YES;
				IPHONEOS_DEPLOYMENT_TARGET = 16.2;
				MARKETING_VERSION = 1.0;
				PRODUCT_BUNDLE_IDENTIFIER = "futureslab-ol.FlashlightTests";
				PRODUCT_NAME = "$(TARGET_NAME)";
				SWIFT_EMIT_LOC_STRINGS = NO;
				SWIFT_VERSION = 5.0;
				TARGETED_DEVICE_FAMILY = "1,2";
				TEST_HOST = "$(BUILT_PRODUCTS_DIR)/Flashlight.app/$(BUNDLE_EXECUTABLE_FOLDER_PATH)/Flashlight";
			};
			name = Debug;
		};
		687F589B296DDACC00CBD138 /* Release */ = {
			isa = XCBuildConfiguration;
			buildSettings = {
				ALWAYS_EMBED_SWIFT_STANDARD_LIBRARIES = YES;
				BUNDLE_LOADER = "$(TEST_HOST)";
				CODE_SIGN_STYLE = Automatic;
				CURRENT_PROJECT_VERSION = 1;
				DEVELOPMENT_TEAM = 48YNC6A9TD;
				GENERATE_INFOPLIST_FILE = YES;
				IPHONEOS_DEPLOYMENT_TARGET = 16.2;
				MARKETING_VERSION = 1.0;
				PRODUCT_BUNDLE_IDENTIFIER = "futureslab-ol.FlashlightTests";
				PRODUCT_NAME = "$(TARGET_NAME)";
				SWIFT_EMIT_LOC_STRINGS = NO;
				SWIFT_VERSION = 5.0;
				TARGETED_DEVICE_FAMILY = "1,2";
				TEST_HOST = "$(BUILT_PRODUCTS_DIR)/Flashlight.app/$(BUNDLE_EXECUTABLE_FOLDER_PATH)/Flashlight";
			};
			name = Release;
		};
		687F589D296DDACC00CBD138 /* Debug */ = {
			isa = XCBuildConfiguration;
			buildSettings = {
				ALWAYS_EMBED_SWIFT_STANDARD_LIBRARIES = YES;
				CODE_SIGN_STYLE = Automatic;
				CURRENT_PROJECT_VERSION = 1;
				DEVELOPMENT_TEAM = 48YNC6A9TD;
				GENERATE_INFOPLIST_FILE = YES;
				MARKETING_VERSION = 1.0;
				PRODUCT_BUNDLE_IDENTIFIER = "futureslab-ol.FlashlightUITests";
				PRODUCT_NAME = "$(TARGET_NAME)";
				SWIFT_EMIT_LOC_STRINGS = NO;
				SWIFT_VERSION = 5.0;
				TARGETED_DEVICE_FAMILY = "1,2";
				TEST_TARGET_NAME = Flashlight;
			};
			name = Debug;
		};
		687F589E296DDACC00CBD138 /* Release */ = {
			isa = XCBuildConfiguration;
			buildSettings = {
				ALWAYS_EMBED_SWIFT_STANDARD_LIBRARIES = YES;
				CODE_SIGN_STYLE = Automatic;
				CURRENT_PROJECT_VERSION = 1;
				DEVELOPMENT_TEAM = 48YNC6A9TD;
				GENERATE_INFOPLIST_FILE = YES;
				MARKETING_VERSION = 1.0;
				PRODUCT_BUNDLE_IDENTIFIER = "futureslab-ol.FlashlightUITests";
				PRODUCT_NAME = "$(TARGET_NAME)";
				SWIFT_EMIT_LOC_STRINGS = NO;
				SWIFT_VERSION = 5.0;
				TARGETED_DEVICE_FAMILY = "1,2";
				TEST_TARGET_NAME = Flashlight;
			};
			name = Release;
		};
/* End XCBuildConfiguration section */

/* Begin XCConfigurationList section */
		687F5867296DDACB00CBD138 /* Build configuration list for PBXProject "Flashlight" */ = {
			isa = XCConfigurationList;
			buildConfigurations = (
				687F5894296DDACC00CBD138 /* Debug */,
				687F5895296DDACC00CBD138 /* Release */,
			);
			defaultConfigurationIsVisible = 0;
			defaultConfigurationName = Release;
		};
		687F5896296DDACC00CBD138 /* Build configuration list for PBXNativeTarget "Flashlight" */ = {
			isa = XCConfigurationList;
			buildConfigurations = (
				687F5897296DDACC00CBD138 /* Debug */,
				687F5898296DDACC00CBD138 /* Release */,
			);
			defaultConfigurationIsVisible = 0;
			defaultConfigurationName = Release;
		};
		687F5899296DDACC00CBD138 /* Build configuration list for PBXNativeTarget "FlashlightTests" */ = {
			isa = XCConfigurationList;
			buildConfigurations = (
				687F589A296DDACC00CBD138 /* Debug */,
				687F589B296DDACC00CBD138 /* Release */,
			);
			defaultConfigurationIsVisible = 0;
			defaultConfigurationName = Release;
		};
		687F589C296DDACC00CBD138 /* Build configuration list for PBXNativeTarget "FlashlightUITests" */ = {
			isa = XCConfigurationList;
			buildConfigurations = (
				687F589D296DDACC00CBD138 /* Debug */,
				687F589E296DDACC00CBD138 /* Release */,
			);
			defaultConfigurationIsVisible = 0;
			defaultConfigurationName = Release;
		};
/* End XCConfigurationList section */
	};
	rootObject = 687F5864296DDACB00CBD138 /* Project object */;
}
